
Microsoft Visual Studio Solution File, Format Version 12.00
# Visual Studio 2015
Project("{FAE04EC0-301F-11D3-BF4B-00C04F79EFBC}") = "InteractiveGaze_Holo", "InteractiveGaze_Holo.csproj", "{325CB3C7-AB64-E53A-69D7-AFAA1D5E6B91}"
EndProject
Project("{FAE04EC0-301F-11D3-BF4B-00C04F79EFBC}") = "InteractiveGaze_Holo.Editor", "InteractiveGaze_Holo.Editor.csproj", "{ADE3F6E4-91C8-4BEF-29B5-7E7DC0733C66}"
EndProject
Global
	GlobalSection(SolutionConfigurationPlatforms) = preSolution
		Debug|Any CPU = Debug|Any CPU
		Release|Any CPU = Release|Any CPU
	EndGlobalSection
	GlobalSection(ProjectConfigurationPlatforms) = postSolution
		{325CB3C7-AB64-E53A-69D7-AFAA1D5E6B91}.Debug|Any CPU.ActiveCfg = Debug|Any CPU
		{325CB3C7-AB64-E53A-69D7-AFAA1D5E6B91}.Debug|Any CPU.Build.0 = Debug|Any CPU
		{325CB3C7-AB64-E53A-69D7-AFAA1D5E6B91}.Release|Any CPU.ActiveCfg = Release|Any CPU
		{325CB3C7-AB64-E53A-69D7-AFAA1D5E6B91}.Release|Any CPU.Build.0 = Release|Any CPU
		{ADE3F6E4-91C8-4BEF-29B5-7E7DC0733C66}.Debug|Any CPU.ActiveCfg = Debug|Any CPU
		{ADE3F6E4-91C8-4BEF-29B5-7E7DC0733C66}.Debug|Any CPU.Build.0 = Debug|Any CPU
		{ADE3F6E4-91C8-4BEF-29B5-7E7DC0733C66}.Release|Any CPU.ActiveCfg = Release|Any CPU
		{ADE3F6E4-91C8-4BEF-29B5-7E7DC0733C66}.Release|Any CPU.Build.0 = Release|Any CPU
	EndGlobalSection
	GlobalSection(SolutionProperties) = preSolution
		HideSolutionNode = FALSE
	EndGlobalSection
EndGlobal
